
Microsoft Visual Studio Solution File, Format Version 12.00
# Visual Studio Version 17
VisualStudioVersion = 17.5.33414.496
MinimumVisualStudioVersion = 10.0.40219.1
Project("{FAE04EC0-301F-11D3-BF4B-00C04F79EFBC}") = "DZprocess", "DZprocess\DZprocess.csproj", "{4296D8F4-4F7F-489A-AFC7-4E10FC1EC562}"
EndProject
Global
	GlobalSection(SolutionConfigurationPlatforms) = preSolution
		Debug|Any CPU = Debug|Any CPU
		Release|Any CPU = Release|Any CPU
	EndGlobalSection
	GlobalSection(ProjectConfigurationPlatforms) = postSolution
		{4296D8F4-4F7F-489A-AFC7-4E10FC1EC562}.Debug|Any CPU.ActiveCfg = Debug|Any CPU
		{4296D8F4-4F7F-489A-AFC7-4E10FC1EC562}.Debug|Any CPU.Build.0 = Debug|Any CPU
		{4296D8F4-4F7F-489A-AFC7-4E10FC1EC562}.Release|Any CPU.ActiveCfg = Release|Any CPU
		{4296D8F4-4F7F-489A-AFC7-4E10FC1EC562}.Release|Any CPU.Build.0 = Release|Any CPU
	EndGlobalSection
	GlobalSection(SolutionProperties) = preSolution
		HideSolutionNode = FALSE
	EndGlobalSection
	GlobalSection(ExtensibilityGlobals) = postSolution
		SolutionGuid = {66CA38CE-AE16-464F-92C0-D92A953E8845}
	EndGlobalSection
EndGlobal
